// !$*UTF8*$!
{
	archiveVersion = 1;
	classes = {
	};
	objectVersion = 46;
	objects = {

/* Begin PBXBuildFile section */
		FF57414E133F76CF00E0735C /* MWFeedParser.m in Sources */ = {isa = PBXBuildFile; fileRef = FF57413E133F76CF00E0735C /* MWFeedParser.m */; };
		FF57414F133F76CF00E0735C /* MWFeedInfo.m in Sources */ = {isa = PBXBuildFile; fileRef = FF574140133F76CF00E0735C /* MWFeedInfo.m */; };
		FF574150133F76CF00E0735C /* MWFeedItem.m in Sources */ = {isa = PBXBuildFile; fileRef = FF574142133F76CF00E0735C /* MWFeedItem.m */; };
		FF574151133F76CF00E0735C /* NSString+HTML.m in Sources */ = {isa = PBXBuildFile; fileRef = FF574144133F76CF00E0735C /* NSString+HTML.m */; };
		FF574152133F76CF00E0735C /* NSDate+InternetDateTime.m in Sources */ = {isa = PBXBuildFile; fileRef = FF574146133F76CF00E0735C /* NSDate+InternetDateTime.m */; };
		FF574153133F76CF00E0735C /* GTMNSString+HTML.m in Sources */ = {isa = PBXBuildFile; fileRef = FF57414A133F76CF00E0735C /* GTMNSString+HTML.m */; };
		FF574154133F76CF00E0735C /* NSString+XMLEntities.m in Sources */ = {isa = PBXBuildFile; fileRef = FF57414D133F76CF00E0735C /* NSString+XMLEntities.m */; };
		FF574157133F773600E0735C /* ReadNewsViewController.m in Sources */ = {isa = PBXBuildFile; fileRef = FF574156133F773600E0735C /* ReadNewsViewController.m */; };
		FF574188133F97DC00E0735C /* DetailNewsViewController.m in Sources */ = {isa = PBXBuildFile; fileRef = FF574187133F97DC00E0735C /* DetailNewsViewController.m */; };
		FF62CF52136EF93200019759 /* avatar.png in Resources */ = {isa = PBXBuildFile; fileRef = FF62CF51136EF93200019759 /* avatar.png */; };
		FF62CF58136EFA6200019759 /* 96-book.png in Resources */ = {isa = PBXBuildFile; fileRef = FF62CF54136EFA6200019759 /* 96-book.png */; };
		FF62CF59136EFA6200019759 /* 157-wrench.png in Resources */ = {isa = PBXBuildFile; fileRef = FF62CF55136EFA6200019759 /* 157-wrench.png */; };
		FF62CF5A136EFA6200019759 /* 165-glasses-3.png in Resources */ = {isa = PBXBuildFile; fileRef = FF62CF56136EFA6200019759 /* 165-glasses-3.png */; };
		FF62CF5B136EFA6200019759 /* 167-upload-photo.png in Resources */ = {isa = PBXBuildFile; fileRef = FF62CF57136EFA6200019759 /* 167-upload-photo.png */; };
		FF62CF5E136F11F300019759 /* ConfParametersViewController.m in Sources */ = {isa = PBXBuildFile; fileRef = FF62CF5D136F11F300019759 /* ConfParametersViewController.m */; };
		FF62CF60136F18B400019759 /* costofliving-Configuration.plist in Resources */ = {isa = PBXBuildFile; fileRef = FF62CF5F136F18B400019759 /* costofliving-Configuration.plist */; };
		FF62CF63136F244A00019759 /* ConnectionDataForFeeds.m in Sources */ = {isa = PBXBuildFile; fileRef = FF62CF62136F244A00019759 /* ConnectionDataForFeeds.m */; };
		FF62CF66136F24B000019759 /* ConnectionDataForPrices.m in Sources */ = {isa = PBXBuildFile; fileRef = FF62CF65136F24AF00019759 /* ConnectionDataForPrices.m */; };
		FFC69081133F714600D91EBE /* UIKit.framework in Frameworks */ = {isa = PBXBuildFile; fileRef = FFC69080133F714600D91EBE /* UIKit.framework */; };
		FFC69083133F714600D91EBE /* Foundation.framework in Frameworks */ = {isa = PBXBuildFile; fileRef = FFC69082133F714600D91EBE /* Foundation.framework */; };
		FFC69085133F714600D91EBE /* CoreGraphics.framework in Frameworks */ = {isa = PBXBuildFile; fileRef = FFC69084133F714600D91EBE /* CoreGraphics.framework */; };
		FFC6908B133F714600D91EBE /* InfoPlist.strings in Resources */ = {isa = PBXBuildFile; fileRef = FFC69089133F714600D91EBE /* InfoPlist.strings */; };
		FFC6908E133F714600D91EBE /* main.m in Sources */ = {isa = PBXBuildFile; fileRef = FFC6908D133F714600D91EBE /* main.m */; };
		FFC69091133F714600D91EBE /* costoflivingAppDelegate.m in Sources */ = {isa = PBXBuildFile; fileRef = FFC69090133F714600D91EBE /* costoflivingAppDelegate.m */; };
		FFC69094133F714700D91EBE /* MainWindow.xib in Resources */ = {isa = PBXBuildFile; fileRef = FFC69092133F714700D91EBE /* MainWindow.xib */; };
/* End PBXBuildFile section */

/* Begin PBXFileReference section */
		FF57413C133F76CF00E0735C /* MWFeedParser.h */ = {isa = PBXFileReference; fileEncoding = 4; lastKnownFileType = sourcecode.c.h; path = MWFeedParser.h; sourceTree = "<group>"; };
		FF57413D133F76CF00E0735C /* MWFeedParser_Private.h */ = {isa = PBXFileReference; fileEncoding = 4; lastKnownFileType = sourcecode.c.h; path = MWFeedParser_Private.h; sourceTree = "<group>"; };
		FF57413E133F76CF00E0735C /* MWFeedParser.m */ = {isa = PBXFileReference; fileEncoding = 4; lastKnownFileType = sourcecode.c.objc; path = MWFeedParser.m; sourceTree = "<group>"; };
		FF57413F133F76CF00E0735C /* MWFeedInfo.h */ = {isa = PBXFileReference; fileEncoding = 4; lastKnownFileType = sourcecode.c.h; path = MWFeedInfo.h; sourceTree = "<group>"; };
		FF574140133F76CF00E0735C /* MWFeedInfo.m */ = {isa = PBXFileReference; fileEncoding = 4; lastKnownFileType = sourcecode.c.objc; path = MWFeedInfo.m; sourceTree = "<group>"; };
		FF574141133F76CF00E0735C /* MWFeedItem.h */ = {isa = PBXFileReference; fileEncoding = 4; lastKnownFileType = sourcecode.c.h; path = MWFeedItem.h; sourceTree = "<group>"; };
		FF574142133F76CF00E0735C /* MWFeedItem.m */ = {isa = PBXFileReference; fileEncoding = 4; lastKnownFileType = sourcecode.c.objc; path = MWFeedItem.m; sourceTree = "<group>"; };
		FF574143133F76CF00E0735C /* NSString+HTML.h */ = {isa = PBXFileReference; fileEncoding = 4; lastKnownFileType = sourcecode.c.h; path = "NSString+HTML.h"; sourceTree = "<group>"; };
		FF574144133F76CF00E0735C /* NSString+HTML.m */ = {isa = PBXFileReference; fileEncoding = 4; lastKnownFileType = sourcecode.c.objc; path = "NSString+HTML.m"; sourceTree = "<group>"; };
		FF574145133F76CF00E0735C /* NSDate+InternetDateTime.h */ = {isa = PBXFileReference; fileEncoding = 4; lastKnownFileType = sourcecode.c.h; path = "NSDate+InternetDateTime.h"; sourceTree = "<group>"; };
		FF574146133F76CF00E0735C /* NSDate+InternetDateTime.m */ = {isa = PBXFileReference; fileEncoding = 4; lastKnownFileType = sourcecode.c.objc; path = "NSDate+InternetDateTime.m"; sourceTree = "<group>"; };
		FF574149133F76CF00E0735C /* GTMNSString+HTML.h */ = {isa = PBXFileReference; fileEncoding = 4; lastKnownFileType = sourcecode.c.h; path = "GTMNSString+HTML.h"; sourceTree = "<group>"; };
		FF57414A133F76CF00E0735C /* GTMNSString+HTML.m */ = {isa = PBXFileReference; fileEncoding = 4; lastKnownFileType = sourcecode.c.objc; path = "GTMNSString+HTML.m"; sourceTree = "<group>"; };
		FF57414B133F76CF00E0735C /* GTMDefines.h */ = {isa = PBXFileReference; fileEncoding = 4; lastKnownFileType = sourcecode.c.h; path = GTMDefines.h; sourceTree = "<group>"; };
		FF57414C133F76CF00E0735C /* NSString+XMLEntities.h */ = {isa = PBXFileReference; fileEncoding = 4; lastKnownFileType = sourcecode.c.h; path = "NSString+XMLEntities.h"; sourceTree = "<group>"; };
		FF57414D133F76CF00E0735C /* NSString+XMLEntities.m */ = {isa = PBXFileReference; fileEncoding = 4; lastKnownFileType = sourcecode.c.objc; path = "NSString+XMLEntities.m"; sourceTree = "<group>"; };
		FF574155133F773600E0735C /* ReadNewsViewController.h */ = {isa = PBXFileReference; fileEncoding = 4; lastKnownFileType = sourcecode.c.h; path = ReadNewsViewController.h; sourceTree = "<group>"; };
		FF574156133F773600E0735C /* ReadNewsViewController.m */ = {isa = PBXFileReference; fileEncoding = 4; lastKnownFileType = sourcecode.c.objc; path = ReadNewsViewController.m; sourceTree = "<group>"; };
		FF574186133F97DC00E0735C /* DetailNewsViewController.h */ = {isa = PBXFileReference; fileEncoding = 4; lastKnownFileType = sourcecode.c.h; path = DetailNewsViewController.h; sourceTree = "<group>"; };
		FF574187133F97DC00E0735C /* DetailNewsViewController.m */ = {isa = PBXFileReference; fileEncoding = 4; lastKnownFileType = sourcecode.c.objc; path = DetailNewsViewController.m; sourceTree = "<group>"; };
		FF62CF51136EF93200019759 /* avatar.png */ = {isa = PBXFileReference; lastKnownFileType = image.png; name = avatar.png; path = ../avatar.png; sourceTree = "<group>"; };
		FF62CF54136EFA6200019759 /* 96-book.png */ = {isa = PBXFileReference; lastKnownFileType = image.png; path = "96-book.png"; sourceTree = "<group>"; };
		FF62CF55136EFA6200019759 /* 157-wrench.png */ = {isa = PBXFileReference; lastKnownFileType = image.png; path = "157-wrench.png"; sourceTree = "<group>"; };
		FF62CF56136EFA6200019759 /* 165-glasses-3.png */ = {isa = PBXFileReference; lastKnownFileType = image.png; path = "165-glasses-3.png"; sourceTree = "<group>"; };
		FF62CF57136EFA6200019759 /* 167-upload-photo.png */ = {isa = PBXFileReference; lastKnownFileType = image.png; path = "167-upload-photo.png"; sourceTree = "<group>"; };
		FF62CF5C136F11F300019759 /* ConfParametersViewController.h */ = {isa = PBXFileReference; fileEncoding = 4; lastKnownFileType = sourcecode.c.h; path = ConfParametersViewController.h; sourceTree = "<group>"; };
		FF62CF5D136F11F300019759 /* ConfParametersViewController.m */ = {isa = PBXFileReference; fileEncoding = 4; lastKnownFileType = sourcecode.c.objc; path = ConfParametersViewController.m; sourceTree = "<group>"; };
		FF62CF5F136F18B400019759 /* costofliving-Configuration.plist */ = {isa = PBXFileReference; fileEncoding = 4; lastKnownFileType = text.plist.xml; path = "costofliving-Configuration.plist"; sourceTree = "<group>"; };
		FF62CF61136F244A00019759 /* ConnectionDataForFeeds.h */ = {isa = PBXFileReference; fileEncoding = 4; lastKnownFileType = sourcecode.c.h; path = ConnectionDataForFeeds.h; sourceTree = "<group>"; };
		FF62CF62136F244A00019759 /* ConnectionDataForFeeds.m */ = {isa = PBXFileReference; fileEncoding = 4; lastKnownFileType = sourcecode.c.objc; path = ConnectionDataForFeeds.m; sourceTree = "<group>"; };
		FF62CF64136F24AF00019759 /* ConnectionDataForPrices.h */ = {isa = PBXFileReference; fileEncoding = 4; lastKnownFileType = sourcecode.c.h; path = ConnectionDataForPrices.h; sourceTree = "<group>"; };
		FF62CF65136F24AF00019759 /* ConnectionDataForPrices.m */ = {isa = PBXFileReference; fileEncoding = 4; lastKnownFileType = sourcecode.c.objc; path = ConnectionDataForPrices.m; sourceTree = "<group>"; };
		FF62CF67136F254000019759 /* ConfParameterProtocol.h */ = {isa = PBXFileReference; fileEncoding = 4; lastKnownFileType = sourcecode.c.h; path = ConfParameterProtocol.h; sourceTree = "<group>"; };
		FFC6907C133F714600D91EBE /* costofliving.app */ = {isa = PBXFileReference; explicitFileType = wrapper.application; includeInIndex = 0; path = costofliving.app; sourceTree = BUILT_PRODUCTS_DIR; };
		FFC69080133F714600D91EBE /* UIKit.framework */ = {isa = PBXFileReference; lastKnownFileType = wrapper.framework; name = UIKit.framework; path = System/Library/Frameworks/UIKit.framework; sourceTree = SDKROOT; };
		FFC69082133F714600D91EBE /* Foundation.framework */ = {isa = PBXFileReference; lastKnownFileType = wrapper.framework; name = Foundation.framework; path = System/Library/Frameworks/Foundation.framework; sourceTree = SDKROOT; };
		FFC69084133F714600D91EBE /* CoreGraphics.framework */ = {isa = PBXFileReference; lastKnownFileType = wrapper.framework; name = CoreGraphics.framework; path = System/Library/Frameworks/CoreGraphics.framework; sourceTree = SDKROOT; };
		FFC69088133F714600D91EBE /* costofliving-Info.plist */ = {isa = PBXFileReference; lastKnownFileType = text.plist.xml; path = "costofliving-Info.plist"; sourceTree = "<group>"; };
		FFC6908A133F714600D91EBE /* en */ = {isa = PBXFileReference; lastKnownFileType = text.plist.strings; name = en; path = en.lproj/InfoPlist.strings; sourceTree = "<group>"; };
		FFC6908C133F714600D91EBE /* costofliving-Prefix.pch */ = {isa = PBXFileReference; lastKnownFileType = sourcecode.c.h; path = "costofliving-Prefix.pch"; sourceTree = "<group>"; };
		FFC6908D133F714600D91EBE /* main.m */ = {isa = PBXFileReference; lastKnownFileType = sourcecode.c.objc; path = main.m; sourceTree = "<group>"; };
		FFC6908F133F714600D91EBE /* costoflivingAppDelegate.h */ = {isa = PBXFileReference; lastKnownFileType = sourcecode.c.h; path = costoflivingAppDelegate.h; sourceTree = "<group>"; };
		FFC69090133F714600D91EBE /* costoflivingAppDelegate.m */ = {isa = PBXFileReference; lastKnownFileType = sourcecode.c.objc; path = costoflivingAppDelegate.m; sourceTree = "<group>"; };
		FFC69093133F714700D91EBE /* en */ = {isa = PBXFileReference; lastKnownFileType = file.xib; name = en; path = en.lproj/MainWindow.xib; sourceTree = "<group>"; };
/* End PBXFileReference section */

/* Begin PBXFrameworksBuildPhase section */
		FFC69079133F714600D91EBE /* Frameworks */ = {
			isa = PBXFrameworksBuildPhase;
			buildActionMask = 2147483647;
			files = (
				FFC69081133F714600D91EBE /* UIKit.framework in Frameworks */,
				FFC69083133F714600D91EBE /* Foundation.framework in Frameworks */,
				FFC69085133F714600D91EBE /* CoreGraphics.framework in Frameworks */,
			);
			runOnlyForDeploymentPostprocessing = 0;
		};
/* End PBXFrameworksBuildPhase section */

/* Begin PBXGroup section */
		FF5740BF133F768B00E0735C /* Externals */ = {
			isa = PBXGroup;
			children = (
				FF5740C1133F76B500E0735C /* MWFeedParser */,
			);
			name = Externals;
			sourceTree = "<group>";
		};
		FF5740C1133F76B500E0735C /* MWFeedParser */ = {
			isa = PBXGroup;
			children = (
				FF57413A133F76CF00E0735C /* MWFeedParser */,
				FF57413B133F76CF00E0735C /* Categories */,
			);
			path = MWFeedParser;
			sourceTree = SOURCE_ROOT;
		};
		FF57413A133F76CF00E0735C /* MWFeedParser */ = {
			isa = PBXGroup;
			children = (
				FF57413C133F76CF00E0735C /* MWFeedParser.h */,
				FF57413D133F76CF00E0735C /* MWFeedParser_Private.h */,
				FF57413E133F76CF00E0735C /* MWFeedParser.m */,
				FF57413F133F76CF00E0735C /* MWFeedInfo.h */,
				FF574140133F76CF00E0735C /* MWFeedInfo.m */,
				FF574141133F76CF00E0735C /* MWFeedItem.h */,
				FF574142133F76CF00E0735C /* MWFeedItem.m */,
			);
			name = MWFeedParser;
			path = Classes;
			sourceTree = "<group>";
		};
		FF57413B133F76CF00E0735C /* Categories */ = {
			isa = PBXGroup;
			children = (
				FF574143133F76CF00E0735C /* NSString+HTML.h */,
				FF574144133F76CF00E0735C /* NSString+HTML.m */,
				FF574145133F76CF00E0735C /* NSDate+InternetDateTime.h */,
				FF574146133F76CF00E0735C /* NSDate+InternetDateTime.m */,
				FF574147133F76CF00E0735C /* Google Toolbox for Mac */,
				FF574148133F76CF00E0735C /* Depreciated */,
			);
			name = Categories;
			path = Classes;
			sourceTree = "<group>";
		};
		FF574147133F76CF00E0735C /* Google Toolbox for Mac */ = {
			isa = PBXGroup;
			children = (
				FF574149133F76CF00E0735C /* GTMNSString+HTML.h */,
				FF57414A133F76CF00E0735C /* GTMNSString+HTML.m */,
				FF57414B133F76CF00E0735C /* GTMDefines.h */,
			);
			name = "Google Toolbox for Mac";
			sourceTree = "<group>";
		};
		FF574148133F76CF00E0735C /* Depreciated */ = {
			isa = PBXGroup;
			children = (
				FF57414C133F76CF00E0735C /* NSString+XMLEntities.h */,
				FF57414D133F76CF00E0735C /* NSString+XMLEntities.m */,
			);
			name = Depreciated;
			sourceTree = "<group>";
		};
		FF62CF53136EFA4800019759 /* Icons */ = {
			isa = PBXGroup;
			children = (
				FF62CF54136EFA6200019759 /* 96-book.png */,
				FF62CF55136EFA6200019759 /* 157-wrench.png */,
				FF62CF56136EFA6200019759 /* 165-glasses-3.png */,
				FF62CF57136EFA6200019759 /* 167-upload-photo.png */,
				FF62CF51136EF93200019759 /* avatar.png */,
			);
			name = Icons;
			sourceTree = "<group>";
		};
		FFC69071133F714600D91EBE = {
			isa = PBXGroup;
			children = (
				FFC69086133F714600D91EBE /* costofliving */,
				FFC6907F133F714600D91EBE /* Frameworks */,
				FFC6907D133F714600D91EBE /* Products */,
			);
			sourceTree = "<group>";
		};
		FFC6907D133F714600D91EBE /* Products */ = {
			isa = PBXGroup;
			children = (
				FFC6907C133F714600D91EBE /* costofliving.app */,
			);
			name = Products;
			sourceTree = "<group>";
		};
		FFC6907F133F714600D91EBE /* Frameworks */ = {
			isa = PBXGroup;
			children = (
				FFC69084133F714600D91EBE /* CoreGraphics.framework */,
				FFC69082133F714600D91EBE /* Foundation.framework */,
				FFC69080133F714600D91EBE /* UIKit.framework */,
			);
			name = Frameworks;
			sourceTree = "<group>";
		};
		FFC69086133F714600D91EBE /* costofliving */ = {
			isa = PBXGroup;
			children = (
				FF5740BF133F768B00E0735C /* Externals */,
				FFC69087133F714600D91EBE /* Supporting Files */,
				FF62CF67136F254000019759 /* ConfParameterProtocol.h */,
				FF62CF5C136F11F300019759 /* ConfParametersViewController.h */,
				FF62CF5D136F11F300019759 /* ConfParametersViewController.m */,
				FF62CF61136F244A00019759 /* ConnectionDataForFeeds.h */,
				FF62CF62136F244A00019759 /* ConnectionDataForFeeds.m */,
				FF62CF64136F24AF00019759 /* ConnectionDataForPrices.h */,
				FF62CF65136F24AF00019759 /* ConnectionDataForPrices.m */,
				FFC6908F133F714600D91EBE /* costoflivingAppDelegate.h */,
				FFC69090133F714600D91EBE /* costoflivingAppDelegate.m */,
				FF574186133F97DC00E0735C /* DetailNewsViewController.h */,
				FF574187133F97DC00E0735C /* DetailNewsViewController.m */,
				FFC69092133F714700D91EBE /* MainWindow.xib */,
				FF574155133F773600E0735C /* ReadNewsViewController.h */,
				FF574156133F773600E0735C /* ReadNewsViewController.m */,
			);
			path = costofliving;
			sourceTree = "<group>";
		};
		FFC69087133F714600D91EBE /* Supporting Files */ = {
			isa = PBXGroup;
			children = (
				FF62CF53136EFA4800019759 /* Icons */,
				FF62CF5F136F18B400019759 /* costofliving-Configuration.plist */,
				FFC69088133F714600D91EBE /* costofliving-Info.plist */,
				FFC6908C133F714600D91EBE /* costofliving-Prefix.pch */,
				FFC69089133F714600D91EBE /* InfoPlist.strings */,
				FFC6908D133F714600D91EBE /* main.m */,
			);
			name = "Supporting Files";
			sourceTree = "<group>";
		};
/* End PBXGroup section */

/* Begin PBXNativeTarget section */
		FFC6907B133F714600D91EBE /* costofliving */ = {
			isa = PBXNativeTarget;
			buildConfigurationList = FFC69097133F714700D91EBE /* Build configuration list for PBXNativeTarget "costofliving" */;
			buildPhases = (
				FFC69078133F714600D91EBE /* Sources */,
				FFC69079133F714600D91EBE /* Frameworks */,
				FFC6907A133F714600D91EBE /* Resources */,
			);
			buildRules = (
			);
			dependencies = (
			);
			name = costofliving;
			productName = costofliving;
			productReference = FFC6907C133F714600D91EBE /* costofliving.app */;
			productType = "com.apple.product-type.application";
		};
/* End PBXNativeTarget section */

/* Begin PBXProject section */
		FFC69073133F714600D91EBE /* Project object */ = {
			isa = PBXProject;
			attributes = {
				ORGANIZATIONNAME = "Enrique de la Torre";
			};
			buildConfigurationList = FFC69076133F714600D91EBE /* Build configuration list for PBXProject "costofliving" */;
			compatibilityVersion = "Xcode 3.2";
			developmentRegion = English;
			hasScannedForEncodings = 0;
			knownRegions = (
				en,
			);
			mainGroup = FFC69071133F714600D91EBE;
			productRefGroup = FFC6907D133F714600D91EBE /* Products */;
			projectDirPath = "";
			projectRoot = "";
			targets = (
				FFC6907B133F714600D91EBE /* costofliving */,
			);
		};
/* End PBXProject section */

/* Begin PBXResourcesBuildPhase section */
		FFC6907A133F714600D91EBE /* Resources */ = {
			isa = PBXResourcesBuildPhase;
			buildActionMask = 2147483647;
			files = (
				FFC6908B133F714600D91EBE /* InfoPlist.strings in Resources */,
				FFC69094133F714700D91EBE /* MainWindow.xib in Resources */,
				FF62CF52136EF93200019759 /* avatar.png in Resources */,
				FF62CF58136EFA6200019759 /* 96-book.png in Resources */,
				FF62CF59136EFA6200019759 /* 157-wrench.png in Resources */,
				FF62CF5A136EFA6200019759 /* 165-glasses-3.png in Resources */,
				FF62CF5B136EFA6200019759 /* 167-upload-photo.png in Resources */,
				FF62CF60136F18B400019759 /* costofliving-Configuration.plist in Resources */,
			);
			runOnlyForDeploymentPostprocessing = 0;
		};
/* End PBXResourcesBuildPhase section */

/* Begin PBXSourcesBuildPhase section */
		FFC69078133F714600D91EBE /* Sources */ = {
			isa = PBXSourcesBuildPhase;
			buildActionMask = 2147483647;
			files = (
				FFC6908E133F714600D91EBE /* main.m in Sources */,
				FFC69091133F714600D91EBE /* costoflivingAppDelegate.m in Sources */,
				FF57414E133F76CF00E0735C /* MWFeedParser.m in Sources */,
				FF57414F133F76CF00E0735C /* MWFeedInfo.m in Sources */,
				FF574150133F76CF00E0735C /* MWFeedItem.m in Sources */,
				FF574151133F76CF00E0735C /* NSString+HTML.m in Sources */,
				FF574152133F76CF00E0735C /* NSDate+InternetDateTime.m in Sources */,
				FF574153133F76CF00E0735C /* GTMNSString+HTML.m in Sources */,
				FF574154133F76CF00E0735C /* NSString+XMLEntities.m in Sources */,
				FF574157133F773600E0735C /* ReadNewsViewController.m in Sources */,
				FF574188133F97DC00E0735C /* DetailNewsViewController.m in Sources */,
				FF62CF5E136F11F300019759 /* ConfParametersViewController.m in Sources */,
				FF62CF63136F244A00019759 /* ConnectionDataForFeeds.m in Sources */,
				FF62CF66136F24B000019759 /* ConnectionDataForPrices.m in Sources */,
			);
			runOnlyForDeploymentPostprocessing = 0;
		};
/* End PBXSourcesBuildPhase section */

/* Begin PBXVariantGroup section */
		FFC69089133F714600D91EBE /* InfoPlist.strings */ = {
			isa = PBXVariantGroup;
			children = (
				FFC6908A133F714600D91EBE /* en */,
			);
			name = InfoPlist.strings;
			sourceTree = "<group>";
		};
		FFC69092133F714700D91EBE /* MainWindow.xib */ = {
			isa = PBXVariantGroup;
			children = (
				FFC69093133F714700D91EBE /* en */,
			);
			name = MainWindow.xib;
			sourceTree = "<group>";
		};
/* End PBXVariantGroup section */

/* Begin XCBuildConfiguration section */
		FFC69095133F714700D91EBE /* Debug */ = {
			isa = XCBuildConfiguration;
			buildSettings = {
				ARCHS = "$(ARCHS_STANDARD_32_BIT)";
				"CODE_SIGN_IDENTITY[sdk=iphoneos*]" = "iPhone Developer";
				GCC_C_LANGUAGE_STANDARD = gnu99;
				GCC_OPTIMIZATION_LEVEL = 0;
				GCC_PREPROCESSOR_DEFINITIONS = DEBUG;
				GCC_SYMBOLS_PRIVATE_EXTERN = NO;
				GCC_VERSION = com.apple.compilers.llvmgcc42;
				GCC_WARN_ABOUT_RETURN_TYPE = YES;
				GCC_WARN_UNUSED_VARIABLE = YES;
				IPHONEOS_DEPLOYMENT_TARGET = 4.3;
				SDKROOT = iphoneos;
			};
			name = Debug;
		};
		FFC69096133F714700D91EBE /* Release */ = {
			isa = XCBuildConfiguration;
			buildSettings = {
				ARCHS = "$(ARCHS_STANDARD_32_BIT)";
				"CODE_SIGN_IDENTITY[sdk=iphoneos*]" = "iPhone Developer";
				GCC_C_LANGUAGE_STANDARD = gnu99;
				GCC_VERSION = com.apple.compilers.llvmgcc42;
				GCC_WARN_ABOUT_RETURN_TYPE = YES;
				GCC_WARN_UNUSED_VARIABLE = YES;
				IPHONEOS_DEPLOYMENT_TARGET = 4.3;
				OTHER_CFLAGS = "-DNS_BLOCK_ASSERTIONS=1";
				SDKROOT = iphoneos;
			};
			name = Release;
		};
		FFC69098133F714700D91EBE /* Debug */ = {
			isa = XCBuildConfiguration;
			buildSettings = {
				ALWAYS_SEARCH_USER_PATHS = NO;
				COPY_PHASE_STRIP = NO;
				GCC_DYNAMIC_NO_PIC = NO;
				GCC_PRECOMPILE_PREFIX_HEADER = YES;
				GCC_PREFIX_HEADER = "costofliving/costofliving-Prefix.pch";
				INFOPLIST_FILE = "costofliving/costofliving-Info.plist";
				PRODUCT_NAME = "$(TARGET_NAME)";
				WRAPPER_EXTENSION = app;
			};
			name = Debug;
		};
		FFC69099133F714700D91EBE /* Release */ = {
			isa = XCBuildConfiguration;
			buildSettings = {
				ALWAYS_SEARCH_USER_PATHS = NO;
				COPY_PHASE_STRIP = YES;
				GCC_PRECOMPILE_PREFIX_HEADER = YES;
				GCC_PREFIX_HEADER = "costofliving/costofliving-Prefix.pch";
				INFOPLIST_FILE = "costofliving/costofliving-Info.plist";
				PRODUCT_NAME = "$(TARGET_NAME)";
				VALIDATE_PRODUCT = YES;
				WRAPPER_EXTENSION = app;
			};
			name = Release;
		};
/* End XCBuildConfiguration section */

/* Begin XCConfigurationList section */
		FFC69076133F714600D91EBE /* Build configuration list for PBXProject "costofliving" */ = {
			isa = XCConfigurationList;
			buildConfigurations = (
				FFC69095133F714700D91EBE /* Debug */,
				FFC69096133F714700D91EBE /* Release */,
			);
			defaultConfigurationIsVisible = 0;
			defaultConfigurationName = Release;
		};
		FFC69097133F714700D91EBE /* Build configuration list for PBXNativeTarget "costofliving" */ = {
			isa = XCConfigurationList;
			buildConfigurations = (
				FFC69098133F714700D91EBE /* Debug */,
				FFC69099133F714700D91EBE /* Release */,
			);
			defaultConfigurationIsVisible = 0;
			defaultConfigurationName = Release;
		};
/* End XCConfigurationList section */
	};
	rootObject = FFC69073133F714600D91EBE /* Project object */;
}
